// !$*UTF8*$!
{
	archiveVersion = 1;
	classes = {
	};
	objectVersion = 50;
	objects = {

/* Begin PBXBuildFile section */
		A41DB36622CAB7A70033D871 /* AppDelegate.swift in Sources */ = {isa = PBXBuildFile; fileRef = A41DB36522CAB7A70033D871 /* AppDelegate.swift */; };
		A41DB36B22CAB7A70033D871 /* Main.storyboard in Resources */ = {isa = PBXBuildFile; fileRef = A41DB36922CAB7A70033D871 /* Main.storyboard */; };
		A41DB36D22CAB7A80033D871 /* Assets.xcassets in Resources */ = {isa = PBXBuildFile; fileRef = A41DB36C22CAB7A80033D871 /* Assets.xcassets */; };
		A41DB37022CAB7A80033D871 /* LaunchScreen.storyboard in Resources */ = {isa = PBXBuildFile; fileRef = A41DB36E22CAB7A80033D871 /* LaunchScreen.storyboard */; };
		A420DB4E22D7019800E345D2 /* CategoryViewController.swift in Sources */ = {isa = PBXBuildFile; fileRef = A420DB4D22D7019800E345D2 /* CategoryViewController.swift */; };
		A474DC4A22CD6D5A00E258EF /* TodoListViewController.swift in Sources */ = {isa = PBXBuildFile; fileRef = A474DC4922CD6D5A00E258EF /* TodoListViewController.swift */; };
		A4B87C0222CF5680001E5C5E /* DataModel.xcdatamodeld in Sources */ = {isa = PBXBuildFile; fileRef = A4B87C0022CF5680001E5C5E /* DataModel.xcdatamodeld */; };
/* End PBXBuildFile section */

/* Begin PBXFileReference section */
		A41DB36222CAB7A70033D871 /* Todoey.app */ = {isa = PBXFileReference; explicitFileType = wrapper.application; includeInIndex = 0; path = Todoey.app; sourceTree = BUILT_PRODUCTS_DIR; };
		A41DB36522CAB7A70033D871 /* AppDelegate.swift */ = {isa = PBXFileReference; lastKnownFileType = sourcecode.swift; path = AppDelegate.swift; sourceTree = "<group>"; };
		A41DB36A22CAB7A70033D871 /* Base */ = {isa = PBXFileReference; lastKnownFileType = file.storyboard; name = Base; path = Base.lproj/Main.storyboard; sourceTree = "<group>"; };
		A41DB36C22CAB7A80033D871 /* Assets.xcassets */ = {isa = PBXFileReference; lastKnownFileType = folder.assetcatalog; path = Assets.xcassets; sourceTree = "<group>"; };
		A41DB36F22CAB7A80033D871 /* Base */ = {isa = PBXFileReference; lastKnownFileType = file.storyboard; name = Base; path = Base.lproj/LaunchScreen.storyboard; sourceTree = "<group>"; };
		A41DB37122CAB7A80033D871 /* Info.plist */ = {isa = PBXFileReference; lastKnownFileType = text.plist.xml; path = Info.plist; sourceTree = "<group>"; };
		A420DB4D22D7019800E345D2 /* CategoryViewController.swift */ = {isa = PBXFileReference; lastKnownFileType = sourcecode.swift; path = CategoryViewController.swift; sourceTree = "<group>"; };
		A474DC4922CD6D5A00E258EF /* TodoListViewController.swift */ = {isa = PBXFileReference; fileEncoding = 4; lastKnownFileType = sourcecode.swift; path = TodoListViewController.swift; sourceTree = "<group>"; };
		A4B87C0122CF5680001E5C5E /* DataModel.xcdatamodel */ = {isa = PBXFileReference; lastKnownFileType = wrapper.xcdatamodel; path = DataModel.xcdatamodel; sourceTree = "<group>"; };
/* End PBXFileReference section */

/* Begin PBXFrameworksBuildPhase section */
		A41DB35F22CAB7A70033D871 /* Frameworks */ = {
			isa = PBXFrameworksBuildPhase;
			buildActionMask = 2147483647;
			files = (
			);
			runOnlyForDeploymentPostprocessing = 0;
		};
/* End PBXFrameworksBuildPhase section */

/* Begin PBXGroup section */
		A41DB35922CAB7A70033D871 = {
			isa = PBXGroup;
			children = (
				A41DB36422CAB7A70033D871 /* Todoey */,
				A41DB36322CAB7A70033D871 /* Products */,
			);
			sourceTree = "<group>";
		};
		A41DB36322CAB7A70033D871 /* Products */ = {
			isa = PBXGroup;
			children = (
				A41DB36222CAB7A70033D871 /* Todoey.app */,
			);
			name = Products;
			sourceTree = "<group>";
		};
		A41DB36422CAB7A70033D871 /* Todoey */ = {
			isa = PBXGroup;
			children = (
				A41DB36522CAB7A70033D871 /* AppDelegate.swift */,
				A474DC5022CD7AF100E258EF /* Controller */,
				A474DC4F22CD7A8600E258EF /* Data Model */,
				A474DC5122CD7B2600E258EF /* Views */,
				A474DC5222CD7B6E00E258EF /* Supporting Files */,
				A41DB37122CAB7A80033D871 /* Info.plist */,
			);
			path = Todoey;
			sourceTree = "<group>";
		};
		A474DC4F22CD7A8600E258EF /* Data Model */ = {
			isa = PBXGroup;
			children = (
				A4B87C0022CF5680001E5C5E /* DataModel.xcdatamodeld */,
			);
			path = "Data Model";
			sourceTree = "<group>";
		};
		A474DC5022CD7AF100E258EF /* Controller */ = {
			isa = PBXGroup;
			children = (
				A420DB4D22D7019800E345D2 /* CategoryViewController.swift */,
				A474DC4922CD6D5A00E258EF /* TodoListViewController.swift */,
			);
			path = Controller;
			sourceTree = "<group>";
		};
		A474DC5122CD7B2600E258EF /* Views */ = {
			isa = PBXGroup;
			children = (
				A41DB36922CAB7A70033D871 /* Main.storyboard */,
			);
			path = Views;
			sourceTree = "<group>";
		};
		A474DC5222CD7B6E00E258EF /* Supporting Files */ = {
			isa = PBXGroup;
			children = (
				A41DB36C22CAB7A80033D871 /* Assets.xcassets */,
				A41DB36E22CAB7A80033D871 /* LaunchScreen.storyboard */,
			);
			path = "Supporting Files";
			sourceTree = "<group>";
		};
/* End PBXGroup section */

/* Begin PBXNativeTarget section */
		A41DB36122CAB7A70033D871 /* Todoey */ = {
			isa = PBXNativeTarget;
			buildConfigurationList = A41DB37422CAB7A80033D871 /* Build configuration list for PBXNativeTarget "Todoey" */;
			buildPhases = (
				A41DB35E22CAB7A70033D871 /* Sources */,
				A41DB35F22CAB7A70033D871 /* Frameworks */,
				A41DB36022CAB7A70033D871 /* Resources */,
			);
			buildRules = (
			);
			dependencies = (
			);
			name = Todoey;
			productName = Todoey;
			productReference = A41DB36222CAB7A70033D871 /* Todoey.app */;
			productType = "com.apple.product-type.application";
		};
/* End PBXNativeTarget section */

/* Begin PBXProject section */
		A41DB35A22CAB7A70033D871 /* Project object */ = {
			isa = PBXProject;
			attributes = {
				LastSwiftUpdateCheck = 1020;
				LastUpgradeCheck = 1020;
				ORGANIZATIONNAME = "古川t剛";
				TargetAttributes = {
					A41DB36122CAB7A70033D871 = {
						CreatedOnToolsVersion = 10.2.1;
					};
				};
			};
			buildConfigurationList = A41DB35D22CAB7A70033D871 /* Build configuration list for PBXProject "Todoey" */;
			compatibilityVersion = "Xcode 9.3";
			developmentRegion = en;
			hasScannedForEncodings = 0;
			knownRegions = (
				en,
				Base,
			);
			mainGroup = A41DB35922CAB7A70033D871;
			productRefGroup = A41DB36322CAB7A70033D871 /* Products */;
			projectDirPath = "";
			projectRoot = "";
			targets = (
				A41DB36122CAB7A70033D871 /* Todoey */,
			);
		};
/* End PBXProject section */

/* Begin PBXResourcesBuildPhase section */
		A41DB36022CAB7A70033D871 /* Resources */ = {
			isa = PBXResourcesBuildPhase;
			buildActionMask = 2147483647;
			files = (
				A41DB37022CAB7A80033D871 /* LaunchScreen.storyboard in Resources */,
				A41DB36D22CAB7A80033D871 /* Assets.xcassets in Resources */,
				A41DB36B22CAB7A70033D871 /* Main.storyboard in Resources */,
			);
			runOnlyForDeploymentPostprocessing = 0;
		};
/* End PBXResourcesBuildPhase section */

/* Begin PBXSourcesBuildPhase section */
		A41DB35E22CAB7A70033D871 /* Sources */ = {
			isa = PBXSourcesBuildPhase;
			buildActionMask = 2147483647;
			files = (
				A420DB4E22D7019800E345D2 /* CategoryViewController.swift in Sources */,
				A474DC4A22CD6D5A00E258EF /* TodoListViewController.swift in Sources */,
				A4B87C0222CF5680001E5C5E /* DataModel.xcdatamodeld in Sources */,
				A41DB36622CAB7A70033D871 /* AppDelegate.swift in Sources */,
			);
			runOnlyForDeploymentPostprocessing = 0;
		};
/* End PBXSourcesBuildPhase section */

/* Begin PBXVariantGroup section */
		A41DB36922CAB7A70033D871 /* Main.storyboard */ = {
			isa = PBXVariantGroup;
			children = (
				A41DB36A22CAB7A70033D871 /* Base */,
			);
			name = Main.storyboard;
			sourceTree = "<group>";
		};
		A41DB36E22CAB7A80033D871 /* LaunchScreen.storyboard */ = {
			isa = PBXVariantGroup;
			children = (
				A41DB36F22CAB7A80033D871 /* Base */,
			);
			name = LaunchScreen.storyboard;
			sourceTree = "<group>";
		};
/* End PBXVariantGroup section */

/* Begin XCBuildConfiguration section */
		A41DB37222CAB7A80033D871 /* Debug */ = {
			isa = XCBuildConfiguration;
			buildSettings = {
				ALWAYS_SEARCH_USER_PATHS = NO;
				CLANG_ANALYZER_NONNULL = YES;
				CLANG_ANALYZER_NUMBER_OBJECT_CONVERSION = YES_AGGRESSIVE;
				CLANG_CXX_LANGUAGE_STANDARD = "gnu++14";
				CLANG_CXX_LIBRARY = "libc++";
				CLANG_ENABLE_MODULES = YES;
				CLANG_ENABLE_OBJC_ARC = YES;
				CLANG_ENABLE_OBJC_WEAK = YES;
				CLANG_WARN_BLOCK_CAPTURE_AUTORELEASING = YES;
				CLANG_WARN_BOOL_CONVERSION = YES;
				CLANG_WARN_COMMA = YES;
				CLANG_WARN_CONSTANT_CONVERSION = YES;
				CLANG_WARN_DEPRECATED_OBJC_IMPLEMENTATIONS = YES;
				CLANG_WARN_DIRECT_OBJC_ISA_USAGE = YES_ERROR;
				CLANG_WARN_DOCUMENTATION_COMMENTS = YES;
				CLANG_WARN_EMPTY_BODY = YES;
				CLANG_WARN_ENUM_CONVERSION = YES;
				CLANG_WARN_INFINITE_RECURSION = YES;
				CLANG_WARN_INT_CONVERSION = YES;
				CLANG_WARN_NON_LITERAL_NULL_CONVERSION = YES;
				CLANG_WARN_OBJC_IMPLICIT_RETAIN_SELF = YES;
				CLANG_WARN_OBJC_LITERAL_CONVERSION = YES;
				CLANG_WARN_OBJC_ROOT_CLASS = YES_ERROR;
				CLANG_WARN_RANGE_LOOP_ANALYSIS = YES;
				CLANG_WARN_STRICT_PROTOTYPES = YES;
				CLANG_WARN_SUSPICIOUS_MOVE = YES;
				CLANG_WARN_UNGUARDED_AVAILABILITY = YES_AGGRESSIVE;
				CLANG_WARN_UNREACHABLE_CODE = YES;
				CLANG_WARN__DUPLICATE_METHOD_MATCH = YES;
				CODE_SIGN_IDENTITY = "iPhone Developer";
				COPY_PHASE_STRIP = NO;
				DEBUG_INFORMATION_FORMAT = dwarf;
				ENABLE_STRICT_OBJC_MSGSEND = YES;
				ENABLE_TESTABILITY = YES;
				GCC_C_LANGUAGE_STANDARD = gnu11;
				GCC_DYNAMIC_NO_PIC = NO;
				GCC_NO_COMMON_BLOCKS = YES;
				GCC_OPTIMIZATION_LEVEL = 0;
				GCC_PREPROCESSOR_DEFINITIONS = (
					"DEBUG=1",
					"$(inherited)",
				);
				GCC_WARN_64_TO_32_BIT_CONVERSION = YES;
				GCC_WARN_ABOUT_RETURN_TYPE = YES_ERROR;
				GCC_WARN_UNDECLARED_SELECTOR = YES;
				GCC_WARN_UNINITIALIZED_AUTOS = YES_AGGRESSIVE;
				GCC_WARN_UNUSED_FUNCTION = YES;
				GCC_WARN_UNUSED_VARIABLE = YES;
				IPHONEOS_DEPLOYMENT_TARGET = 12.2;
				MTL_ENABLE_DEBUG_INFO = INCLUDE_SOURCE;
				MTL_FAST_MATH = YES;
				ONLY_ACTIVE_ARCH = YES;
				SDKROOT = iphoneos;
				SWIFT_ACTIVE_COMPILATION_CONDITIONS = DEBUG;
				SWIFT_OPTIMIZATION_LEVEL = "-Onone";
			};
			name = Debug;
		};
		A41DB37322CAB7A80033D871 /* Release */ = {
			isa = XCBuildConfiguration;
			buildSettings = {
				ALWAYS_SEARCH_USER_PATHS = NO;
				CLANG_ANALYZER_NONNULL = YES;
				CLANG_ANALYZER_NUMBER_OBJECT_CONVERSION = YES_AGGRESSIVE;
				CLANG_CXX_LANGUAGE_STANDARD = "gnu++14";
				CLANG_CXX_LIBRARY = "libc++";
				CLANG_ENABLE_MODULES = YES;
				CLANG_ENABLE_OBJC_ARC = YES;
				CLANG_ENABLE_OBJC_WEAK = YES;
				CLANG_WARN_BLOCK_CAPTURE_AUTORELEASING = YES;
				CLANG_WARN_BOOL_CONVERSION = YES;
				CLANG_WARN_COMMA = YES;
				CLANG_WARN_CONSTANT_CONVERSION = YES;
				CLANG_WARN_DEPRECATED_OBJC_IMPLEMENTATIONS = YES;
				CLANG_WARN_DIRECT_OBJC_ISA_USAGE = YES_ERROR;
				CLANG_WARN_DOCUMENTATION_COMMENTS = YES;
				CLANG_WARN_EMPTY_BODY = YES;
				CLANG_WARN_ENUM_CONVERSION = YES;
				CLANG_WARN_INFINITE_RECURSION = YES;
				CLANG_WARN_INT_CONVERSION = YES;
				CLANG_WARN_NON_LITERAL_NULL_CONVERSION = YES;
				CLANG_WARN_OBJC_IMPLICIT_RETAIN_SELF = YES;
				CLANG_WARN_OBJC_LITERAL_CONVERSION = YES;
				CLANG_WARN_OBJC_ROOT_CLASS = YES_ERROR;
				CLANG_WARN_RANGE_LOOP_ANALYSIS = YES;
				CLANG_WARN_STRICT_PROTOTYPES = YES;
				CLANG_WARN_SUSPICIOUS_MOVE = YES;
				CLANG_WARN_UNGUARDED_AVAILABILITY = YES_AGGRESSIVE;
				CLANG_WARN_UNREACHABLE_CODE = YES;
				CLANG_WARN__DUPLICATE_METHOD_MATCH = YES;
				CODE_SIGN_IDENTITY = "iPhone Developer";
				COPY_PHASE_STRIP = NO;
				DEBUG_INFORMATION_FORMAT = "dwarf-with-dsym";
				ENABLE_NS_ASSERTIONS = NO;
				ENABLE_STRICT_OBJC_MSGSEND = YES;
				GCC_C_LANGUAGE_STANDARD = gnu11;
				GCC_NO_COMMON_BLOCKS = YES;
				GCC_WARN_64_TO_32_BIT_CONVERSION = YES;
				GCC_WARN_ABOUT_RETURN_TYPE = YES_ERROR;
				GCC_WARN_UNDECLARED_SELECTOR = YES;
				GCC_WARN_UNINITIALIZED_AUTOS = YES_AGGRESSIVE;
				GCC_WARN_UNUSED_FUNCTION = YES;
				GCC_WARN_UNUSED_VARIABLE = YES;
				IPHONEOS_DEPLOYMENT_TARGET = 12.2;
				MTL_ENABLE_DEBUG_INFO = NO;
				MTL_FAST_MATH = YES;
				SDKROOT = iphoneos;
				SWIFT_COMPILATION_MODE = wholemodule;
				SWIFT_OPTIMIZATION_LEVEL = "-O";
				VALIDATE_PRODUCT = YES;
			};
			name = Release;
		};
		A41DB37522CAB7A80033D871 /* Debug */ = {
			isa = XCBuildConfiguration;
			buildSettings = {
				ASSETCATALOG_COMPILER_APPICON_NAME = AppIcon;
				CODE_SIGN_STYLE = Automatic;
				DEVELOPMENT_TEAM = PS8QFUDLPG;
				INFOPLIST_FILE = Todoey/Info.plist;
				LD_RUNPATH_SEARCH_PATHS = (
					"$(inherited)",
					"@executable_path/Frameworks",
				);
				PRODUCT_BUNDLE_IDENTIFIER = com.tsuyoshifurukawa.Todoey;
				PRODUCT_NAME = "$(TARGET_NAME)";
				SWIFT_VERSION = 5.0;
				TARGETED_DEVICE_FAMILY = "1,2";
			};
			name = Debug;
		};
		A41DB37622CAB7A80033D871 /* Release */ = {
			isa = XCBuildConfiguration;
			buildSettings = {
				ASSETCATALOG_COMPILER_APPICON_NAME = AppIcon;
				CODE_SIGN_STYLE = Automatic;
				DEVELOPMENT_TEAM = PS8QFUDLPG;
				INFOPLIST_FILE = Todoey/Info.plist;
				LD_RUNPATH_SEARCH_PATHS = (
					"$(inherited)",
					"@executable_path/Frameworks",
				);
				PRODUCT_BUNDLE_IDENTIFIER = com.tsuyoshifurukawa.Todoey;
				PRODUCT_NAME = "$(TARGET_NAME)";
				SWIFT_VERSION = 5.0;
				TARGETED_DEVICE_FAMILY = "1,2";
			};
			name = Release;
		};
/* End XCBuildConfiguration section */

/* Begin XCConfigurationList section */
		A41DB35D22CAB7A70033D871 /* Build configuration list for PBXProject "Todoey" */ = {
			isa = XCConfigurationList;
			buildConfigurations = (
				A41DB37222CAB7A80033D871 /* Debug */,
				A41DB37322CAB7A80033D871 /* Release */,
			);
			defaultConfigurationIsVisible = 0;
			defaultConfigurationName = Release;
		};
		A41DB37422CAB7A80033D871 /* Build configuration list for PBXNativeTarget "Todoey" */ = {
			isa = XCConfigurationList;
			buildConfigurations = (
				A41DB37522CAB7A80033D871 /* Debug */,
				A41DB37622CAB7A80033D871 /* Release */,
			);
			defaultConfigurationIsVisible = 0;
			defaultConfigurationName = Release;
		};
/* End XCConfigurationList section */

/* Begin XCVersionGroup section */
		A4B87C0022CF5680001E5C5E /* DataModel.xcdatamodeld */ = {
			isa = XCVersionGroup;
			children = (
				A4B87C0122CF5680001E5C5E /* DataModel.xcdatamodel */,
			);
			currentVersion = A4B87C0122CF5680001E5C5E /* DataModel.xcdatamodel */;
			path = DataModel.xcdatamodeld;
			sourceTree = "<group>";
			versionGroupType = wrapper.xcdatamodel;
		};
/* End XCVersionGroup section */
	};
	rootObject = A41DB35A22CAB7A70033D871 /* Project object */;
}
